
Microsoft Visual Studio Solution File, Format Version 12.00
# Visual Studio 14
VisualStudioVersion = 14.0.25420.1
MinimumVisualStudioVersion = 10.0.40219.1
Project("{FAE04EC0-301F-11D3-BF4B-00C04F79EFBC}") = "ApplicationName", "ApplicationName\ApplicationName.csproj", "{3AEBDDCB-E476-4CB8-915D-DB49CDDF3184}"
EndProject
Project("{FAE04EC0-301F-11D3-BF4B-00C04F79EFBC}") = "ApplicationName.Classes", "ApplicationName.Classes\ApplicationName.Classes.csproj", "{1C0C6A27-3375-4D52-8258-17B50BFAA001}"
EndProject
Global
	GlobalSection(SolutionConfigurationPlatforms) = preSolution
		Debug|Any CPU = Debug|Any CPU
		Release|Any CPU = Release|Any CPU
	EndGlobalSection
	GlobalSection(ProjectConfigurationPlatforms) = postSolution
		{3AEBDDCB-E476-4CB8-915D-DB49CDDF3184}.Debug|Any CPU.ActiveCfg = Debug|Any CPU
		{3AEBDDCB-E476-4CB8-915D-DB49CDDF3184}.Debug|Any CPU.Build.0 = Debug|Any CPU
		{3AEBDDCB-E476-4CB8-915D-DB49CDDF3184}.Release|Any CPU.ActiveCfg = Release|Any CPU
		{3AEBDDCB-E476-4CB8-915D-DB49CDDF3184}.Release|Any CPU.Build.0 = Release|Any CPU
		{1C0C6A27-3375-4D52-8258-17B50BFAA001}.Debug|Any CPU.ActiveCfg = Debug|Any CPU
		{1C0C6A27-3375-4D52-8258-17B50BFAA001}.Debug|Any CPU.Build.0 = Debug|Any CPU
		{1C0C6A27-3375-4D52-8258-17B50BFAA001}.Release|Any CPU.ActiveCfg = Release|Any CPU
		{1C0C6A27-3375-4D52-8258-17B50BFAA001}.Release|Any CPU.Build.0 = Release|Any CPU
	EndGlobalSection
	GlobalSection(SolutionProperties) = preSolution
		HideSolutionNode = FALSE
	EndGlobalSection
EndGlobal
